// !$*UTF8*$!
{
	archiveVersion = 1;
	classes = {
	};
	objectVersion = 56;
	objects = {

/* Begin PBXBuildFile section */
		AA000001 /* AriseApp.swift in Sources */ = {isa = PBXBuildFile; fileRef = AA100001 /* AriseApp.swift */; };
		AA000002 /* MainTabView.swift in Sources */ = {isa = PBXBuildFile; fileRef = AA100002 /* MainTabView.swift */; };
		AA000003 /* Colors.swift in Sources */ = {isa = PBXBuildFile; fileRef = AA100003 /* Colors.swift */; };
		AA000004 /* Typography.swift in Sources */ = {isa = PBXBuildFile; fileRef = AA100004 /* Typography.swift */; };
		AA000005 /* Hunter.swift in Sources */ = {isa = PBXBuildFile; fileRef = AA100005 /* Hunter.swift */; };
		AA000006 /* Quest.swift in Sources */ = {isa = PBXBuildFile; fileRef = AA100006 /* Quest.swift */; };
		AA000007 /* Dungeon.swift in Sources */ = {isa = PBXBuildFile; fileRef = AA100007 /* Dungeon.swift */; };
		AA000008 /* Achievement.swift in Sources */ = {isa = PBXBuildFile; fileRef = AA100008 /* Achievement.swift */; };
		AA000009 /* HunterViewModel.swift in Sources */ = {isa = PBXBuildFile; fileRef = AA100009 /* HunterViewModel.swift */; };
		AA000010 /* QuestViewModel.swift in Sources */ = {isa = PBXBuildFile; fileRef = AA100010 /* QuestViewModel.swift */; };
		AA000011 /* StoreViewModel.swift in Sources */ = {isa = PBXBuildFile; fileRef = AA100011 /* StoreViewModel.swift */; };
		AA000012 /* HomeView.swift in Sources */ = {isa = PBXBuildFile; fileRef = AA100012 /* HomeView.swift */; };
		AA000013 /* QuestsView.swift in Sources */ = {isa = PBXBuildFile; fileRef = AA100013 /* QuestsView.swift */; };
		AA000014 /* QuestDetailView.swift in Sources */ = {isa = PBXBuildFile; fileRef = AA100014 /* QuestDetailView.swift */; };
		AA000015 /* DungeonsView.swift in Sources */ = {isa = PBXBuildFile; fileRef = AA100015 /* DungeonsView.swift */; };
		AA000016 /* DungeonRaidView.swift in Sources */ = {isa = PBXBuildFile; fileRef = AA100016 /* DungeonRaidView.swift */; };
		AA000017 /* StatsView.swift in Sources */ = {isa = PBXBuildFile; fileRef = AA100017 /* StatsView.swift */; };
		AA000018 /* ProfileView.swift in Sources */ = {isa = PBXBuildFile; fileRef = AA100018 /* ProfileView.swift */; };
		AA000019 /* OnboardingView.swift in Sources */ = {isa = PBXBuildFile; fileRef = AA100019 /* OnboardingView.swift */; };
		AA000020 /* PaywallView.swift in Sources */ = {isa = PBXBuildFile; fileRef = AA100020 /* PaywallView.swift */; };
		AA000050 /* Assets.xcassets in Resources */ = {isa = PBXBuildFile; fileRef = AA100050 /* Assets.xcassets */; };
/* End PBXBuildFile section */

/* Begin PBXFileReference section */
		AA100001 /* AriseApp.swift */ = {isa = PBXFileReference; lastKnownFileType = sourcecode.swift; path = "App/AriseApp.swift"; sourceTree = "<group>"; };
		AA100002 /* MainTabView.swift */ = {isa = PBXFileReference; lastKnownFileType = sourcecode.swift; path = "App/MainTabView.swift"; sourceTree = "<group>"; };
		AA100003 /* Colors.swift */ = {isa = PBXFileReference; lastKnownFileType = sourcecode.swift; path = "Design/Colors.swift"; sourceTree = "<group>"; };
		AA100004 /* Typography.swift */ = {isa = PBXFileReference; lastKnownFileType = sourcecode.swift; path = "Design/Typography.swift"; sourceTree = "<group>"; };
		AA100005 /* Hunter.swift */ = {isa = PBXFileReference; lastKnownFileType = sourcecode.swift; path = "Models/Hunter.swift"; sourceTree = "<group>"; };
		AA100006 /* Quest.swift */ = {isa = PBXFileReference; lastKnownFileType = sourcecode.swift; path = "Models/Quest.swift"; sourceTree = "<group>"; };
		AA100007 /* Dungeon.swift */ = {isa = PBXFileReference; lastKnownFileType = sourcecode.swift; path = "Models/Dungeon.swift"; sourceTree = "<group>"; };
		AA100008 /* Achievement.swift */ = {isa = PBXFileReference; lastKnownFileType = sourcecode.swift; path = "Models/Achievement.swift"; sourceTree = "<group>"; };
		AA100009 /* HunterViewModel.swift */ = {isa = PBXFileReference; lastKnownFileType = sourcecode.swift; path = "ViewModels/HunterViewModel.swift"; sourceTree = "<group>"; };
		AA100010 /* QuestViewModel.swift */ = {isa = PBXFileReference; lastKnownFileType = sourcecode.swift; path = "ViewModels/QuestViewModel.swift"; sourceTree = "<group>"; };
		AA100011 /* StoreViewModel.swift */ = {isa = PBXFileReference; lastKnownFileType = sourcecode.swift; path = "ViewModels/StoreViewModel.swift"; sourceTree = "<group>"; };
		AA100012 /* HomeView.swift */ = {isa = PBXFileReference; lastKnownFileType = sourcecode.swift; path = "Views/Home/HomeView.swift"; sourceTree = "<group>"; };
		AA100013 /* QuestsView.swift */ = {isa = PBXFileReference; lastKnownFileType = sourcecode.swift; path = "Views/Quests/QuestsView.swift"; sourceTree = "<group>"; };
		AA100014 /* QuestDetailView.swift */ = {isa = PBXFileReference; lastKnownFileType = sourcecode.swift; path = "Views/Quests/QuestDetailView.swift"; sourceTree = "<group>"; };
		AA100015 /* DungeonsView.swift */ = {isa = PBXFileReference; lastKnownFileType = sourcecode.swift; path = "Views/Dungeons/DungeonsView.swift"; sourceTree = "<group>"; };
		AA100016 /* DungeonRaidView.swift */ = {isa = PBXFileReference; lastKnownFileType = sourcecode.swift; path = "Views/Dungeons/DungeonRaidView.swift"; sourceTree = "<group>"; };
		AA100017 /* StatsView.swift */ = {isa = PBXFileReference; lastKnownFileType = sourcecode.swift; path = "Views/Stats/StatsView.swift"; sourceTree = "<group>"; };
		AA100018 /* ProfileView.swift */ = {isa = PBXFileReference; lastKnownFileType = sourcecode.swift; path = "Views/Profile/ProfileView.swift"; sourceTree = "<group>"; };
		AA100019 /* OnboardingView.swift */ = {isa = PBXFileReference; lastKnownFileType = sourcecode.swift; path = "Views/Onboarding/OnboardingView.swift"; sourceTree = "<group>"; };
		AA100020 /* PaywallView.swift */ = {isa = PBXFileReference; lastKnownFileType = sourcecode.swift; path = "Views/Shared/PaywallView.swift"; sourceTree = "<group>"; };
		AA100050 /* Assets.xcassets */ = {isa = PBXFileReference; lastKnownFileType = folder.assetcatalog; path = Assets.xcassets; sourceTree = "<group>"; };
		AA200000 /* Arise.app */ = {isa = PBXFileReference; explicitFileType = wrapper.application; includeInIndex = 0; path = Arise.app; sourceTree = BUILT_PRODUCTS_DIR; };
		AA300000 /* Info.plist */ = {isa = PBXFileReference; lastKnownFileType = text.plist.xml; path = Info.plist; sourceTree = "<group>"; };
/* End PBXFileReference section */

/* Begin PBXFrameworksBuildPhase section */
		AA400001 /* Frameworks */ = {
			isa = PBXFrameworksBuildPhase;
			buildActionMask = 2147483647;
			files = ();
			runOnlyForDeploymentPostprocessing = 0;
		};
/* End PBXFrameworksBuildPhase section */

/* Begin PBXGroup section */
		AA500000 = {
			isa = PBXGroup;
			children = (
				AA500001 /* Arise */,
				AA500099 /* Products */,
			);
			sourceTree = "<group>";
		};
		AA500001 /* Arise */ = {
			isa = PBXGroup;
			children = (
				AA100001 /* AriseApp.swift */,
				AA100002 /* MainTabView.swift */,
				AA100003 /* Colors.swift */,
				AA100004 /* Typography.swift */,
				AA100005 /* Hunter.swift */,
				AA100006 /* Quest.swift */,
				AA100007 /* Dungeon.swift */,
				AA100008 /* Achievement.swift */,
				AA100009 /* HunterViewModel.swift */,
				AA100010 /* QuestViewModel.swift */,
				AA100011 /* StoreViewModel.swift */,
				AA100012 /* HomeView.swift */,
				AA100013 /* QuestsView.swift */,
				AA100014 /* QuestDetailView.swift */,
				AA100015 /* DungeonsView.swift */,
				AA100016 /* DungeonRaidView.swift */,
				AA100017 /* StatsView.swift */,
				AA100018 /* ProfileView.swift */,
				AA100019 /* OnboardingView.swift */,
				AA100020 /* PaywallView.swift */,
				AA100050 /* Assets.xcassets */,
				AA300000 /* Info.plist */,
			);
			path = Arise;
			sourceTree = "<group>";
		};
		AA500099 /* Products */ = {
			isa = PBXGroup;
			children = (
				AA200000 /* Arise.app */,
			);
			name = Products;
			sourceTree = "<group>";
		};
/* End PBXGroup section */

/* Begin PBXNativeTarget section */
		AA600000 /* Arise */ = {
			isa = PBXNativeTarget;
			buildConfigurationList = AA700001 /* Build configuration list for PBXNativeTarget "Arise" */;
			buildPhases = (
				AA400000 /* Sources */,
				AA400001 /* Frameworks */,
				AA400002 /* Resources */,
			);
			buildRules = ();
			dependencies = ();
			name = Arise;
			productName = Arise;
			productReference = AA200000 /* Arise.app */;
			productType = "com.apple.product-type.application";
		};
/* End PBXNativeTarget section */

/* Begin PBXProject section */
		AA700000 /* Project object */ = {
			isa = PBXProject;
			attributes = {
				BuildIndependentTargetsInParallel = 1;
				LastSwiftUpdateCheck = 1500;
				LastUpgradeCheck = 1500;
				TargetAttributes = {
					AA600000 = {
						CreatedOnToolsVersion = 15.0;
					};
				};
			};
			buildConfigurationList = AA700000C /* Build configuration list for PBXProject "Arise" */;
			compatibilityVersion = "Xcode 14.0";
			developmentRegion = en;
			hasScannedForEncodings = 0;
			knownRegions = (
				en,
				Base,
			);
			mainGroup = AA500000;
			productRefGroup = AA500099 /* Products */;
			projectDirPath = "";
			projectRoot = "";
			targets = (
				AA600000 /* Arise */,
			);
		};
/* End PBXProject section */

/* Begin PBXResourcesBuildPhase section */
		AA400002 /* Resources */ = {
			isa = PBXResourcesBuildPhase;
			buildActionMask = 2147483647;
			files = (
				AA000050 /* Assets.xcassets in Resources */,
			);
			runOnlyForDeploymentPostprocessing = 0;
		};
/* End PBXResourcesBuildPhase section */

/* Begin PBXSourcesBuildPhase section */
		AA400000 /* Sources */ = {
			isa = PBXSourcesBuildPhase;
			buildActionMask = 2147483647;
			files = (
				AA000001 /* AriseApp.swift in Sources */,
				AA000002 /* MainTabView.swift in Sources */,
				AA000003 /* Colors.swift in Sources */,
				AA000004 /* Typography.swift in Sources */,
				AA000005 /* Hunter.swift in Sources */,
				AA000006 /* Quest.swift in Sources */,
				AA000007 /* Dungeon.swift in Sources */,
				AA000008 /* Achievement.swift in Sources */,
				AA000009 /* HunterViewModel.swift in Sources */,
				AA000010 /* QuestViewModel.swift in Sources */,
				AA000011 /* StoreViewModel.swift in Sources */,
				AA000012 /* HomeView.swift in Sources */,
				AA000013 /* QuestsView.swift in Sources */,
				AA000014 /* QuestDetailView.swift in Sources */,
				AA000015 /* DungeonsView.swift in Sources */,
				AA000016 /* DungeonRaidView.swift in Sources */,
				AA000017 /* StatsView.swift in Sources */,
				AA000018 /* ProfileView.swift in Sources */,
				AA000019 /* OnboardingView.swift in Sources */,
				AA000020 /* PaywallView.swift in Sources */,
			);
			runOnlyForDeploymentPostprocessing = 0;
		};
/* End PBXSourcesBuildPhase section */

/* Begin XCBuildConfiguration section */
		AA700010 /* Debug */ = {
			isa = XCBuildConfiguration;
			buildSettings = {
				ALWAYS_SEARCH_USER_PATHS = NO;
				ASSETCATALOG_COMPILER_GENERATE_SWIFT_ASSET_SYMBOL_EXTENSIONS = YES;
				CLANG_ANALYZER_NONNULL = YES;
				CLANG_ANALYZER_NUMBER_OBJECT_CONVERSION = YES_AGGRESSIVE;
				CLANG_CXX_LANGUAGE_STANDARD = "gnu++20";
				CLANG_ENABLE_MODULES = YES;
				CLANG_ENABLE_OBJC_ARC = YES;
				CLANG_ENABLE_OBJC_WEAK = YES;
				CLANG_WARN_BLOCK_CAPTURE_AUTORELEASING = YES;
				CLANG_WARN_BOOL_CONVERSION = YES;
				CLANG_WARN_COMMA = YES;
				CLANG_WARN_CONSTANT_CONVERSION = YES;
				CLANG_WARN_DEPRECATED_OBJC_IMPLEMENTATIONS = YES;
				CLANG_WARN_DIRECT_OBJC_ISA_USAGE = YES_ERROR;
				CLANG_WARN_DOCUMENTATION_COMMENTS = YES;
				CLANG_WARN_EMPTY_BODY = YES;
				CLANG_WARN_ENUM_CONVERSION = YES;
				CLANG_WARN_INFINITE_RECURSION = YES;
				CLANG_WARN_INT_CONVERSION = YES;
				CLANG_WARN_NON_LITERAL_NULL_CONVERSION = YES;
				CLANG_WARN_OBJC_IMPLICIT_RETAIN_CYCLE = YES;
				CLANG_WARN_OBJC_LITERAL_CONVERSION = YES;
				CLANG_WARN_OBJC_ROOT_CLASS = YES_ERROR;
				CLANG_WARN_QUOTED_INCLUDE_IN_FRAMEWORK_HEADER = YES;
				CLANG_WARN_RANGE_LOOP_ANALYSIS = YES;
				CLANG_WARN_STRICT_PROTOTYPES = YES;
				CLANG_WARN_SUSPICIOUS_MOVE = YES;
				CLANG_WARN_UNGUARDED_AVAILABILITY = YES_AGGRESSIVE;
				CLANG_WARN_UNREACHABLE_CODE = YES;
				CLANG_WARN__DUPLICATE_METHOD_MATCH = YES;
				COPY_PHASE_STRIP = NO;
				DEBUG_INFORMATION_FORMAT = dwarf;
				ENABLE_STRICT_OBJC_MSGSEND = YES;
				ENABLE_TESTABILITY = YES;
				ENABLE_USER_SCRIPT_SANDBOXING = YES;
				GCC_C_LANGUAGE_STANDARD = gnu17;
				GCC_DYNAMIC_NO_PIC = NO;
				GCC_NO_COMMON_BLOCKS = YES;
				GCC_OPTIMIZATION_LEVEL = 0;
				GCC_PREPROCESSOR_DEFINITIONS = ("DEBUG=1", "$(inherited)");
				GCC_WARN_64_TO_32_BIT_CONVERSION = YES;
				GCC_WARN_ABOUT_RETURN_TYPE = YES_ERROR;
				GCC_WARN_UNDECLARED_SELECTOR = YES;
				GCC_WARN_UNINITIALIZED_AUTOS = YES_AGGRESSIVE;
				GCC_WARN_UNUSED_FUNCTION = YES;
				GCC_WARN_UNUSED_VARIABLE = YES;
				IPHONEOS_DEPLOYMENT_TARGET = 17.0;
				MTL_ENABLE_DEBUG_INFO = INCLUDE_SOURCE;
				MTL_FAST_MATH = YES;
				ONLY_ACTIVE_ARCH = YES;
				SDKROOT = iphoneos;
				SWIFT_ACTIVE_COMPILATION_CONDITIONS = DEBUG;
				SWIFT_OPTIMIZATION_LEVEL = "-Onone";
			};
			name = Debug;
		};
		AA700011 /* Release */ = {
			isa = XCBuildConfiguration;
			buildSettings = {
				ALWAYS_SEARCH_USER_PATHS = NO;
				ASSETCATALOG_COMPILER_GENERATE_SWIFT_ASSET_SYMBOL_EXTENSIONS = YES;
				CLANG_ANALYZER_NONNULL = YES;
				CLANG_CXX_LANGUAGE_STANDARD = "gnu++20";
				CLANG_ENABLE_MODULES = YES;
				CLANG_ENABLE_OBJC_ARC = YES;
				CLANG_ENABLE_OBJC_WEAK = YES;
				COPY_PHASE_STRIP = NO;
				DEBUG_INFORMATION_FORMAT = "dwarf-with-dsym";
				ENABLE_NS_ASSERTIONS = NO;
				ENABLE_STRICT_OBJC_MSGSEND = YES;
				ENABLE_USER_SCRIPT_SANDBOXING = YES;
				GCC_C_LANGUAGE_STANDARD = gnu17;
				GCC_NO_COMMON_BLOCKS = YES;
				GCC_WARN_64_TO_32_BIT_CONVERSION = YES;
				GCC_WARN_ABOUT_RETURN_TYPE = YES_ERROR;
				GCC_WARN_UNDECLARED_SELECTOR = YES;
				GCC_WARN_UNINITIALIZED_AUTOS = YES_AGGRESSIVE;
				GCC_WARN_UNUSED_FUNCTION = YES;
				GCC_WARN_UNUSED_VARIABLE = YES;
				IPHONEOS_DEPLOYMENT_TARGET = 17.0;
				MTL_FAST_MATH = YES;
				SDKROOT = iphoneos;
				SWIFT_COMPILATION_MODE = wholemodule;
				SWIFT_OPTIMIZATION_LEVEL = "-O";
				VALIDATE_PRODUCT = YES;
			};
			name = Release;
		};
		AA700020 /* Debug */ = {
			isa = XCBuildConfiguration;
			buildSettings = {
				ASSETCATALOG_COMPILER_APPICON_NAME = AppIcon;
				ASSETCATALOG_COMPILER_GLOBAL_ACCENT_COLOR_NAME = AccentColor;
				CODE_SIGN_STYLE = Automatic;
				CURRENT_PROJECT_VERSION = 1;
				DEVELOPMENT_ASSET_PATHS = "\"Arise/Preview Content\"";
				ENABLE_PREVIEWS = YES;
				GENERATE_INFOPLIST_FILE = NO;
				INFOPLIST_FILE = Arise/Info.plist;
				IPHONEOS_DEPLOYMENT_TARGET = 17.0;
				MARKETING_VERSION = 1.0;
				PRODUCT_BUNDLE_IDENTIFIER = com.arise.fitness;
				PRODUCT_NAME = "$(TARGET_NAME)";
				SWIFT_EMIT_LOC_STRINGS = YES;
				SWIFT_VERSION = 5.0;
				TARGETED_DEVICE_FAMILY = 1;
			};
			name = Debug;
		};
		AA700021 /* Release */ = {
			isa = XCBuildConfiguration;
			buildSettings = {
				ASSETCATALOG_COMPILER_APPICON_NAME = AppIcon;
				ASSETCATALOG_COMPILER_GLOBAL_ACCENT_COLOR_NAME = AccentColor;
				CODE_SIGN_STYLE = Automatic;
				CURRENT_PROJECT_VERSION = 1;
				DEVELOPMENT_ASSET_PATHS = "\"Arise/Preview Content\"";
				ENABLE_PREVIEWS = YES;
				GENERATE_INFOPLIST_FILE = NO;
				INFOPLIST_FILE = Arise/Info.plist;
				IPHONEOS_DEPLOYMENT_TARGET = 17.0;
				MARKETING_VERSION = 1.0;
				PRODUCT_BUNDLE_IDENTIFIER = com.arise.fitness;
				PRODUCT_NAME = "$(TARGET_NAME)";
				SWIFT_EMIT_LOC_STRINGS = YES;
				SWIFT_VERSION = 5.0;
				TARGETED_DEVICE_FAMILY = 1;
			};
			name = Release;
		};
/* End XCBuildConfiguration section */

/* Begin XCConfigurationList section */
		AA700000C /* Build configuration list for PBXProject "Arise" */ = {
			isa = XCConfigurationList;
			buildConfigurations = (
				AA700010 /* Debug */,
				AA700011 /* Release */,
			);
			defaultConfigurationIsVisible = 0;
			defaultConfigurationName = Release;
		};
		AA700001 /* Build configuration list for PBXNativeTarget "Arise" */ = {
			isa = XCConfigurationList;
			buildConfigurations = (
				AA700020 /* Debug */,
				AA700021 /* Release */,
			);
			defaultConfigurationIsVisible = 0;
			defaultConfigurationName = Release;
		};
/* End XCConfigurationList section */

	};
	rootObject = AA700000 /* Project object */;
}
